<Solution>
  <Project Path="Assembly-CSharp-firstpass.csproj" />
  <Project Path="StylizedWaterForURP.csproj" />
  <Project Path="MicahW.PointGrassRenderer.Runtime.csproj" />
  <Project Path="Assembly-CSharp-Editor.csproj" />
  <Project Path="MicahW.PointGrassRenderer.Editor.csproj" />
  <Project Path="Assembly-CSharp.csproj" />
  <Project Path="StylizedWaterForURPEditor.csproj" />
  <Project Path="Polyperfect.Common.csproj" />
</Solution>
